// !$*UTF8*$!
{
	archiveVersion = 1;
	classes = {
	};
	objectVersion = 46;
	objects = {

/* Begin PBXBuildFile section */
		5E3FBF30153903B200234D78 /* InputHandler.cpp in Sources */ = {isa = PBXBuildFile; fileRef = 5E3FBF2E1539038C00234D78 /* InputHandler.cpp */; };
		5E3FBF3D1539328500234D78 /* Scene.cpp in Sources */ = {isa = PBXBuildFile; fileRef = 5E3FBF3B1539327B00234D78 /* Scene.cpp */; };
		5E3FBF42153934D700234D78 /* libassimp.dylib in CopyFiles */ = {isa = PBXBuildFile; fileRef = 5E8EC6811538FEE600591B3D /* libassimp.dylib */; };
		5E3FBF43153934DD00234D78 /* sfml-graphics.framework in CopyFiles */ = {isa = PBXBuildFile; fileRef = 5E8EC6CC1539001200591B3D /* sfml-graphics.framework */; };
		5E3FBF44153934DD00234D78 /* sfml-network.framework in CopyFiles */ = {isa = PBXBuildFile; fileRef = 5E8EC6CE1539001200591B3D /* sfml-network.framework */; };
		5E3FBF45153934DD00234D78 /* sfml-system.framework in CopyFiles */ = {isa = PBXBuildFile; fileRef = 5E8EC6CF1539001200591B3D /* sfml-system.framework */; };
		5E3FBF46153934DD00234D78 /* sfml-window.framework in CopyFiles */ = {isa = PBXBuildFile; fileRef = 5E8EC6D01539001200591B3D /* sfml-window.framework */; };
		5E3FBF47153934DD00234D78 /* SFML.framework in CopyFiles */ = {isa = PBXBuildFile; fileRef = 5E8EC6D11539001200591B3D /* SFML.framework */; };
		5E3FBF4A153939BB00234D78 /* Shader.cpp in Sources */ = {isa = PBXBuildFile; fileRef = 5E3FBF48153939A700234D78 /* Shader.cpp */; };
		5E3FBF4F15393E6C00234D78 /* main.vert.glsl in Copy Shaders */ = {isa = PBXBuildFile; fileRef = 5E3FBF4B15393E4B00234D78 /* main.vert.glsl */; };
		5E3FBF5015393E6C00234D78 /* main.frag.glsl in Copy Shaders */ = {isa = PBXBuildFile; fileRef = 5E3FBF4C15393E4B00234D78 /* main.frag.glsl */; };
		5E8EC6781538FE9E00591B3D /* main.cpp in Sources */ = {isa = PBXBuildFile; fileRef = 5E8EC6771538FE9E00591B3D /* main.cpp */; };
		5E8EC67A1538FE9E00591B3D /* Movie_Maker_CPP.1 in CopyFiles */ = {isa = PBXBuildFile; fileRef = 5E8EC6791538FE9E00591B3D /* Movie_Maker_CPP.1 */; };
		5E8EC67F1538FECD00591B3D /* OpenGL.framework in Frameworks */ = {isa = PBXBuildFile; fileRef = 5E8EC67E1538FECD00591B3D /* OpenGL.framework */; };
		5E8EC6821538FEE600591B3D /* libassimp.dylib in Frameworks */ = {isa = PBXBuildFile; fileRef = 5E8EC6811538FEE600591B3D /* libassimp.dylib */; };
		5E8EC6D31539002200591B3D /* sfml-graphics.framework in Frameworks */ = {isa = PBXBuildFile; fileRef = 5E8EC6CC1539001200591B3D /* sfml-graphics.framework */; };
		5E8EC6D41539002200591B3D /* sfml-network.framework in Frameworks */ = {isa = PBXBuildFile; fileRef = 5E8EC6CE1539001200591B3D /* sfml-network.framework */; };
		5E8EC6D51539002200591B3D /* sfml-system.framework in Frameworks */ = {isa = PBXBuildFile; fileRef = 5E8EC6CF1539001200591B3D /* sfml-system.framework */; };
		5E8EC6D61539002200591B3D /* sfml-window.framework in Frameworks */ = {isa = PBXBuildFile; fileRef = 5E8EC6D01539001200591B3D /* sfml-window.framework */; };
		5E8EC6D71539002200591B3D /* SFML.framework in Frameworks */ = {isa = PBXBuildFile; fileRef = 5E8EC6D11539001200591B3D /* SFML.framework */; };
		5E8EC6E31539025F00591B3D /* Camera.cpp in Sources */ = {isa = PBXBuildFile; fileRef = 5E8EC6851538FF5400591B3D /* Camera.cpp */; };
		5EC1A86D153BE98200B190C7 /* current_mesh_color.ply in CopyFiles */ = {isa = PBXBuildFile; fileRef = 5EC1A86A153BE97800B190C7 /* current_mesh_color.ply */; };
		5EC1A86E153BE98200B190C7 /* current_mesh_texture.ply in CopyFiles */ = {isa = PBXBuildFile; fileRef = 5EC1A86B153BE97800B190C7 /* current_mesh_texture.ply */; };
/* End PBXBuildFile section */

/* Begin PBXCopyFilesBuildPhase section */
		5E3FBF401539348800234D78 /* CopyFiles */ = {
			isa = PBXCopyFilesBuildPhase;
			buildActionMask = 2147483647;
			dstPath = "";
			dstSubfolderSpec = 7;
			files = (
				5EC1A86D153BE98200B190C7 /* current_mesh_color.ply in CopyFiles */,
				5EC1A86E153BE98200B190C7 /* current_mesh_texture.ply in CopyFiles */,
				5E3FBF42153934D700234D78 /* libassimp.dylib in CopyFiles */,
				5E3FBF43153934DD00234D78 /* sfml-graphics.framework in CopyFiles */,
				5E3FBF44153934DD00234D78 /* sfml-network.framework in CopyFiles */,
				5E3FBF45153934DD00234D78 /* sfml-system.framework in CopyFiles */,
				5E3FBF46153934DD00234D78 /* sfml-window.framework in CopyFiles */,
				5E3FBF47153934DD00234D78 /* SFML.framework in CopyFiles */,
			);
			runOnlyForDeploymentPostprocessing = 0;
		};
		5E3FBF4E15393E6100234D78 /* Copy Shaders */ = {
			isa = PBXCopyFilesBuildPhase;
			buildActionMask = 2147483647;
			dstPath = "";
			dstSubfolderSpec = 7;
			files = (
				5E3FBF4F15393E6C00234D78 /* main.vert.glsl in Copy Shaders */,
				5E3FBF5015393E6C00234D78 /* main.frag.glsl in Copy Shaders */,
			);
			name = "Copy Shaders";
			runOnlyForDeploymentPostprocessing = 0;
		};
		5E8EC6711538FE9E00591B3D /* CopyFiles */ = {
			isa = PBXCopyFilesBuildPhase;
			buildActionMask = 2147483647;
			dstPath = /usr/share/man/man1/;
			dstSubfolderSpec = 0;
			files = (
				5E8EC67A1538FE9E00591B3D /* Movie_Maker_CPP.1 in CopyFiles */,
			);
			runOnlyForDeploymentPostprocessing = 1;
		};
/* End PBXCopyFilesBuildPhase section */

/* Begin PBXFileReference section */
		5E3FBF2D1539038C00234D78 /* InputHandler.h */ = {isa = PBXFileReference; lastKnownFileType = sourcecode.c.h; path = InputHandler.h; sourceTree = "<group>"; };
		5E3FBF2E1539038C00234D78 /* InputHandler.cpp */ = {isa = PBXFileReference; lastKnownFileType = sourcecode.cpp.cpp; path = InputHandler.cpp; sourceTree = "<group>"; };
		5E3FBF3A1539327B00234D78 /* Scene.h */ = {isa = PBXFileReference; lastKnownFileType = sourcecode.c.h; path = Scene.h; sourceTree = "<group>"; };
		5E3FBF3B1539327B00234D78 /* Scene.cpp */ = {isa = PBXFileReference; lastKnownFileType = sourcecode.cpp.cpp; path = Scene.cpp; sourceTree = "<group>"; };
		5E3FBF48153939A700234D78 /* Shader.cpp */ = {isa = PBXFileReference; lastKnownFileType = sourcecode.cpp.cpp; path = Shader.cpp; sourceTree = "<group>"; };
		5E3FBF49153939A700234D78 /* Shader.h */ = {isa = PBXFileReference; lastKnownFileType = sourcecode.c.h; path = Shader.h; sourceTree = "<group>"; };
		5E3FBF4B15393E4B00234D78 /* main.vert.glsl */ = {isa = PBXFileReference; lastKnownFileType = text; path = main.vert.glsl; sourceTree = "<group>"; };
		5E3FBF4C15393E4B00234D78 /* main.frag.glsl */ = {isa = PBXFileReference; lastKnownFileType = text; path = main.frag.glsl; sourceTree = "<group>"; };
		5E8EC6731538FE9E00591B3D /* Movie-Maker-CPP */ = {isa = PBXFileReference; explicitFileType = "compiled.mach-o.executable"; includeInIndex = 0; path = "Movie-Maker-CPP"; sourceTree = BUILT_PRODUCTS_DIR; };
		5E8EC6771538FE9E00591B3D /* main.cpp */ = {isa = PBXFileReference; lastKnownFileType = sourcecode.cpp.cpp; path = main.cpp; sourceTree = "<group>"; };
		5E8EC6791538FE9E00591B3D /* Movie_Maker_CPP.1 */ = {isa = PBXFileReference; lastKnownFileType = text.man; path = Movie_Maker_CPP.1; sourceTree = "<group>"; };
		5E8EC67E1538FECD00591B3D /* OpenGL.framework */ = {isa = PBXFileReference; lastKnownFileType = wrapper.framework; name = OpenGL.framework; path = Platforms/MacOSX.platform/Developer/SDKs/MacOSX10.7.sdk/System/Library/Frameworks/OpenGL.framework; sourceTree = DEVELOPER_DIR; };
		5E8EC6811538FEE600591B3D /* libassimp.dylib */ = {isa = PBXFileReference; lastKnownFileType = "compiled.mach-o.dylib"; path = libassimp.dylib; sourceTree = "<group>"; };
		5E8EC6841538FF5400591B3D /* Camera.h */ = {isa = PBXFileReference; lastKnownFileType = sourcecode.c.h; path = Camera.h; sourceTree = "<group>"; };
		5E8EC6851538FF5400591B3D /* Camera.cpp */ = {isa = PBXFileReference; lastKnownFileType = sourcecode.cpp.cpp; path = Camera.cpp; sourceTree = "<group>"; };
		5E8EC6CA1539001200591B3D /* assimp-license.txt */ = {isa = PBXFileReference; lastKnownFileType = text; path = "assimp-license.txt"; sourceTree = "<group>"; };
		5E8EC6CC1539001200591B3D /* sfml-graphics.framework */ = {isa = PBXFileReference; lastKnownFileType = wrapper.framework; path = "sfml-graphics.framework"; sourceTree = "<group>"; };
		5E8EC6CD1539001200591B3D /* sfml-license.txt */ = {isa = PBXFileReference; lastKnownFileType = text; path = "sfml-license.txt"; sourceTree = "<group>"; };
		5E8EC6CE1539001200591B3D /* sfml-network.framework */ = {isa = PBXFileReference; lastKnownFileType = wrapper.framework; path = "sfml-network.framework"; sourceTree = "<group>"; };
		5E8EC6CF1539001200591B3D /* sfml-system.framework */ = {isa = PBXFileReference; lastKnownFileType = wrapper.framework; path = "sfml-system.framework"; sourceTree = "<group>"; };
		5E8EC6D01539001200591B3D /* sfml-window.framework */ = {isa = PBXFileReference; lastKnownFileType = wrapper.framework; path = "sfml-window.framework"; sourceTree = "<group>"; };
		5E8EC6D11539001200591B3D /* SFML.framework */ = {isa = PBXFileReference; lastKnownFileType = wrapper.framework; path = SFML.framework; sourceTree = "<group>"; };
		5E8EC6DE153900CF00591B3D /* Framework.h */ = {isa = PBXFileReference; lastKnownFileType = sourcecode.c.h; path = Framework.h; sourceTree = "<group>"; };
		5EC1A86A153BE97800B190C7 /* current_mesh_color.ply */ = {isa = PBXFileReference; lastKnownFileType = text; path = current_mesh_color.ply; sourceTree = "<group>"; };
		5EC1A86B153BE97800B190C7 /* current_mesh_texture.ply */ = {isa = PBXFileReference; lastKnownFileType = text; path = current_mesh_texture.ply; sourceTree = "<group>"; };
/* End PBXFileReference section */

/* Begin PBXFrameworksBuildPhase section */
		5E8EC6701538FE9E00591B3D /* Frameworks */ = {
			isa = PBXFrameworksBuildPhase;
			buildActionMask = 2147483647;
			files = (
				5E8EC67F1538FECD00591B3D /* OpenGL.framework in Frameworks */,
				5E8EC6821538FEE600591B3D /* libassimp.dylib in Frameworks */,
				5E8EC6D31539002200591B3D /* sfml-graphics.framework in Frameworks */,
				5E8EC6D41539002200591B3D /* sfml-network.framework in Frameworks */,
				5E8EC6D51539002200591B3D /* sfml-system.framework in Frameworks */,
				5E8EC6D61539002200591B3D /* sfml-window.framework in Frameworks */,
				5E8EC6D71539002200591B3D /* SFML.framework in Frameworks */,
			);
			runOnlyForDeploymentPostprocessing = 0;
		};
/* End PBXFrameworksBuildPhase section */

/* Begin PBXGroup section */
		5E3FBF4D15393E4F00234D78 /* Shaders */ = {
			isa = PBXGroup;
			children = (
				5E3FBF4B15393E4B00234D78 /* main.vert.glsl */,
				5E3FBF4C15393E4B00234D78 /* main.frag.glsl */,
			);
			name = Shaders;
			sourceTree = "<group>";
		};
		5E8EC6661538FE8700591B3D = {
			isa = PBXGroup;
			children = (
				5EC1A86A153BE97800B190C7 /* current_mesh_color.ply */,
				5EC1A86B153BE97800B190C7 /* current_mesh_texture.ply */,
				5E8EC6761538FE9E00591B3D /* Movie-Maker-CPP */,
				5E8EC6741538FE9E00591B3D /* Products */,
			);
			sourceTree = "<group>";
		};
		5E8EC6741538FE9E00591B3D /* Products */ = {
			isa = PBXGroup;
			children = (
				5E8EC6731538FE9E00591B3D /* Movie-Maker-CPP */,
			);
			name = Products;
			sourceTree = "<group>";
		};
		5E8EC6761538FE9E00591B3D /* Movie-Maker-CPP */ = {
			isa = PBXGroup;
			children = (
				5E8EC6DE153900CF00591B3D /* Framework.h */,
				5E8EC6841538FF5400591B3D /* Camera.h */,
				5E8EC6851538FF5400591B3D /* Camera.cpp */,
				5E3FBF2D1539038C00234D78 /* InputHandler.h */,
				5E3FBF2E1539038C00234D78 /* InputHandler.cpp */,
				5E3FBF3A1539327B00234D78 /* Scene.h */,
				5E3FBF3B1539327B00234D78 /* Scene.cpp */,
				5E3FBF49153939A700234D78 /* Shader.h */,
				5E3FBF48153939A700234D78 /* Shader.cpp */,
				5E8EC6771538FE9E00591B3D /* main.cpp */,
				5E8EC6791538FE9E00591B3D /* Movie_Maker_CPP.1 */,
				5E3FBF4D15393E4F00234D78 /* Shaders */,
				5E8EC6801538FED300591B3D /* Frameworks */,
			);
			path = "Movie-Maker-CPP";
			sourceTree = "<group>";
		};
		5E8EC6801538FED300591B3D /* Frameworks */ = {
			isa = PBXGroup;
			children = (
				5E8EC6CA1539001200591B3D /* assimp-license.txt */,
				5E8EC6CD1539001200591B3D /* sfml-license.txt */,
				5E8EC6811538FEE600591B3D /* libassimp.dylib */,
				5E8EC6CC1539001200591B3D /* sfml-graphics.framework */,
				5E8EC6CE1539001200591B3D /* sfml-network.framework */,
				5E8EC6CF1539001200591B3D /* sfml-system.framework */,
				5E8EC6D01539001200591B3D /* sfml-window.framework */,
				5E8EC6D11539001200591B3D /* SFML.framework */,
				5E8EC67E1538FECD00591B3D /* OpenGL.framework */,
			);
			name = Frameworks;
			path = ..;
			sourceTree = "<group>";
		};
/* End PBXGroup section */

/* Begin PBXNativeTarget section */
		5E8EC6721538FE9E00591B3D /* Movie-Maker-CPP */ = {
			isa = PBXNativeTarget;
			buildConfigurationList = 5E8EC67B1538FE9E00591B3D /* Build configuration list for PBXNativeTarget "Movie-Maker-CPP" */;
			buildPhases = (
				5E8EC66F1538FE9E00591B3D /* Sources */,
				5E8EC6701538FE9E00591B3D /* Frameworks */,
				5E8EC6711538FE9E00591B3D /* CopyFiles */,
				5E3FBF401539348800234D78 /* CopyFiles */,
				5E3FBF4E15393E6100234D78 /* Copy Shaders */,
			);
			buildRules = (
			);
			dependencies = (
			);
			name = "Movie-Maker-CPP";
			productName = "Movie-Maker-CPP";
			productReference = 5E8EC6731538FE9E00591B3D /* Movie-Maker-CPP */;
			productType = "com.apple.product-type.tool";
		};
/* End PBXNativeTarget section */

/* Begin PBXProject section */
		5E8EC6681538FE8700591B3D /* Project object */ = {
			isa = PBXProject;
			attributes = {
				LastUpgradeCheck = 0430;
			};
			buildConfigurationList = 5E8EC66B1538FE8700591B3D /* Build configuration list for PBXProject "Movie-Maker-CPP" */;
			compatibilityVersion = "Xcode 3.2";
			developmentRegion = English;
			hasScannedForEncodings = 0;
			knownRegions = (
				en,
			);
			mainGroup = 5E8EC6661538FE8700591B3D;
			productRefGroup = 5E8EC6741538FE9E00591B3D /* Products */;
			projectDirPath = "";
			projectRoot = "";
			targets = (
				5E8EC6721538FE9E00591B3D /* Movie-Maker-CPP */,
			);
		};
/* End PBXProject section */

/* Begin PBXSourcesBuildPhase section */
		5E8EC66F1538FE9E00591B3D /* Sources */ = {
			isa = PBXSourcesBuildPhase;
			buildActionMask = 2147483647;
			files = (
				5E8EC6781538FE9E00591B3D /* main.cpp in Sources */,
				5E8EC6E31539025F00591B3D /* Camera.cpp in Sources */,
				5E3FBF30153903B200234D78 /* InputHandler.cpp in Sources */,
				5E3FBF4A153939BB00234D78 /* Shader.cpp in Sources */,
				5E3FBF3D1539328500234D78 /* Scene.cpp in Sources */,
			);
			runOnlyForDeploymentPostprocessing = 0;
		};
/* End PBXSourcesBuildPhase section */

/* Begin XCBuildConfiguration section */
		5E8EC66D1538FE8700591B3D /* Debug */ = {
			isa = XCBuildConfiguration;
			buildSettings = {
			};
			name = Debug;
		};
		5E8EC66E1538FE8700591B3D /* Release */ = {
			isa = XCBuildConfiguration;
			buildSettings = {
			};
			name = Release;
		};
		5E8EC67C1538FE9E00591B3D /* Debug */ = {
			isa = XCBuildConfiguration;
			buildSettings = {
				ALWAYS_SEARCH_USER_PATHS = NO;
				ARCHS = "$(ARCHS_STANDARD_64_BIT)";
				COPY_PHASE_STRIP = NO;
				FRAMEWORK_SEARCH_PATHS = (
					"$(inherited)",
					"\"$(SRCROOT)\"",
				);
				GCC_C_LANGUAGE_STANDARD = gnu99;
				GCC_DYNAMIC_NO_PIC = NO;
				GCC_ENABLE_OBJC_EXCEPTIONS = YES;
				GCC_OPTIMIZATION_LEVEL = 0;
				GCC_PREPROCESSOR_DEFINITIONS = (
					"DEBUG=1",
					"$(inherited)",
				);
				GCC_SYMBOLS_PRIVATE_EXTERN = NO;
				GCC_VERSION = com.apple.compilers.llvm.clang.1_0;
				GCC_WARN_64_TO_32_BIT_CONVERSION = YES;
				GCC_WARN_ABOUT_RETURN_TYPE = YES;
				GCC_WARN_UNINITIALIZED_AUTOS = YES;
				GCC_WARN_UNUSED_VARIABLE = YES;
				HEADER_SEARCH_PATHS = "\"$(SRCROOT)/include\"";
				LIBRARY_SEARCH_PATHS = (
					"$(inherited)",
					"\"$(SRCROOT)\"",
					"\"$(SRCROOT)/lib\"",
				);
				MACOSX_DEPLOYMENT_TARGET = 10.7;
				ONLY_ACTIVE_ARCH = YES;
				PRODUCT_NAME = "$(TARGET_NAME)";
				SDKROOT = macosx;
			};
			name = Debug;
		};
		5E8EC67D1538FE9E00591B3D /* Release */ = {
			isa = XCBuildConfiguration;
			buildSettings = {
				ALWAYS_SEARCH_USER_PATHS = NO;
				ARCHS = "$(ARCHS_STANDARD_64_BIT)";
				COPY_PHASE_STRIP = YES;
				DEBUG_INFORMATION_FORMAT = "dwarf-with-dsym";
				FRAMEWORK_SEARCH_PATHS = (
					"$(inherited)",
					"\"$(SRCROOT)\"",
				);
				GCC_C_LANGUAGE_STANDARD = gnu99;
				GCC_ENABLE_OBJC_EXCEPTIONS = YES;
				GCC_VERSION = com.apple.compilers.llvm.clang.1_0;
				GCC_WARN_64_TO_32_BIT_CONVERSION = YES;
				GCC_WARN_ABOUT_RETURN_TYPE = YES;
				GCC_WARN_UNINITIALIZED_AUTOS = YES;
				GCC_WARN_UNUSED_VARIABLE = YES;
				HEADER_SEARCH_PATHS = "\"$(SRCROOT)/include\"";
				LIBRARY_SEARCH_PATHS = (
					"$(inherited)",
					"\"$(SRCROOT)\"",
					"\"$(SRCROOT)/lib\"",
				);
				MACOSX_DEPLOYMENT_TARGET = 10.7;
				PRODUCT_NAME = "$(TARGET_NAME)";
				SDKROOT = macosx;
			};
			name = Release;
		};
/* End XCBuildConfiguration section */

/* Begin XCConfigurationList section */
		5E8EC66B1538FE8700591B3D /* Build configuration list for PBXProject "Movie-Maker-CPP" */ = {
			isa = XCConfigurationList;
			buildConfigurations = (
				5E8EC66D1538FE8700591B3D /* Debug */,
				5E8EC66E1538FE8700591B3D /* Release */,
			);
			defaultConfigurationIsVisible = 0;
			defaultConfigurationName = Release;
		};
		5E8EC67B1538FE9E00591B3D /* Build configuration list for PBXNativeTarget "Movie-Maker-CPP" */ = {
			isa = XCConfigurationList;
			buildConfigurations = (
				5E8EC67C1538FE9E00591B3D /* Debug */,
				5E8EC67D1538FE9E00591B3D /* Release */,
			);
			defaultConfigurationIsVisible = 0;
			defaultConfigurationName = Release;
		};
/* End XCConfigurationList section */
	};
	rootObject = 5E8EC6681538FE8700591B3D /* Project object */;
}
