// !$*UTF8*$!
{
	archiveVersion = 1;
	classes = {
	};
	objectVersion = 46;
	objects = {

/* Begin PBXBuildFile section */
		5E8EC5C01538DACA00591B3D /* drawInfo.m in Sources */ = {isa = PBXBuildFile; fileRef = 5E8EC5B91538DACA00591B3D /* drawInfo.m */; };
		5E8EC5C11538DACA00591B3D /* trackball.c in Sources */ = {isa = PBXBuildFile; fileRef = 5E8EC5BB1538DACA00591B3D /* trackball.c */; };
		5E8EC5C21538DACA00591B3D /* GLString.m in Sources */ = {isa = PBXBuildFile; fileRef = 5E8EC5BC1538DACA00591B3D /* GLString.m */; };
		5E8EC5C31538DACA00591B3D /* GLCheck.c in Sources */ = {isa = PBXBuildFile; fileRef = 5E8EC5BE1538DACA00591B3D /* GLCheck.c */; };
		5E8EC5C61538DAFA00591B3D /* drawInfo.m in Sources */ = {isa = PBXBuildFile; fileRef = 5E8EC5B91538DACA00591B3D /* drawInfo.m */; };
		5E8EC5C81538DAFA00591B3D /* trackball.c in Sources */ = {isa = PBXBuildFile; fileRef = 5E8EC5BB1538DACA00591B3D /* trackball.c */; };
		5E8EC5C91538DAFA00591B3D /* GLString.m in Sources */ = {isa = PBXBuildFile; fileRef = 5E8EC5BC1538DACA00591B3D /* GLString.m */; };
		5E8EC5CB1538DAFA00591B3D /* GLCheck.c in Sources */ = {isa = PBXBuildFile; fileRef = 5E8EC5BE1538DACA00591B3D /* GLCheck.c */; };
		5E8EC5CF1538F31200591B3D /* Camera.cpp in Sources */ = {isa = PBXBuildFile; fileRef = 5E8EC5CD1538F31200591B3D /* Camera.cpp */; };
		5E8EC5D11538F61400591B3D /* libassimp.dylib in Frameworks */ = {isa = PBXBuildFile; fileRef = 5E8EC5D01538F61400591B3D /* libassimp.dylib */; };
		5E8EC6281538F8BD00591B3D /* Camera.cpp in Sources */ = {isa = PBXBuildFile; fileRef = 5E8EC5CD1538F31200591B3D /* Camera.cpp */; };
		5E8EC6291538F8F100591B3D /* libassimp.dylib in Frameworks */ = {isa = PBXBuildFile; fileRef = 5E8EC5D01538F61400591B3D /* libassimp.dylib */; };
		5E8EC62A1538F8F800591B3D /* libassimp.dylib in CopyFiles */ = {isa = PBXBuildFile; fileRef = 5E8EC5D01538F61400591B3D /* libassimp.dylib */; };
		5E8EC6C21538FFE300591B3D /* assimp-license.txt in Resources */ = {isa = PBXBuildFile; fileRef = 5E8EC6BA1538FFE300591B3D /* assimp-license.txt */; };
		5E8EC6C31538FFE300591B3D /* sfml-audio.framework in Frameworks */ = {isa = PBXBuildFile; fileRef = 5E8EC6BB1538FFE300591B3D /* sfml-audio.framework */; };
		5E8EC6C41538FFE300591B3D /* sfml-graphics.framework in Frameworks */ = {isa = PBXBuildFile; fileRef = 5E8EC6BC1538FFE300591B3D /* sfml-graphics.framework */; };
		5E8EC6C51538FFE300591B3D /* sfml-license.txt in Resources */ = {isa = PBXBuildFile; fileRef = 5E8EC6BD1538FFE300591B3D /* sfml-license.txt */; };
		5E8EC6C61538FFE300591B3D /* sfml-network.framework in Frameworks */ = {isa = PBXBuildFile; fileRef = 5E8EC6BE1538FFE300591B3D /* sfml-network.framework */; };
		5E8EC6C71538FFE300591B3D /* sfml-system.framework in Frameworks */ = {isa = PBXBuildFile; fileRef = 5E8EC6BF1538FFE300591B3D /* sfml-system.framework */; };
		5E8EC6C81538FFE300591B3D /* sfml-window.framework in Frameworks */ = {isa = PBXBuildFile; fileRef = 5E8EC6C01538FFE300591B3D /* sfml-window.framework */; };
		5E8EC6C91538FFE300591B3D /* SFML.framework in Frameworks */ = {isa = PBXBuildFile; fileRef = 5E8EC6C11538FFE300591B3D /* SFML.framework */; };
		5EB2D1901537BE9600659380 /* GLView.m in Sources */ = {isa = PBXBuildFile; fileRef = 5EB2D18F1537BE9600659380 /* GLView.m */; };
		5EB2D1931537C67A00659380 /* OpenGL.framework in Frameworks */ = {isa = PBXBuildFile; fileRef = 5EB2D1921537C67A00659380 /* OpenGL.framework */; };
		5EC5A3361533D9CD00535BA2 /* Cocoa.framework in Frameworks */ = {isa = PBXBuildFile; fileRef = 5EC5A3351533D9CD00535BA2 /* Cocoa.framework */; };
		5EC5A3401533D9CD00535BA2 /* InfoPlist.strings in Resources */ = {isa = PBXBuildFile; fileRef = 5EC5A33E1533D9CD00535BA2 /* InfoPlist.strings */; };
		5EC5A3421533D9CD00535BA2 /* main.m in Sources */ = {isa = PBXBuildFile; fileRef = 5EC5A3411533D9CD00535BA2 /* main.m */; };
		5EC5A3461533D9CD00535BA2 /* Credits.rtf in Resources */ = {isa = PBXBuildFile; fileRef = 5EC5A3441533D9CD00535BA2 /* Credits.rtf */; };
		5EC5A3491533D9CD00535BA2 /* AppDelegate.m in Sources */ = {isa = PBXBuildFile; fileRef = 5EC5A3481533D9CD00535BA2 /* AppDelegate.m */; };
		5EC5A34C1533D9CD00535BA2 /* MainMenu.xib in Resources */ = {isa = PBXBuildFile; fileRef = 5EC5A34A1533D9CD00535BA2 /* MainMenu.xib */; };
		5EC5A3541533D9CD00535BA2 /* SenTestingKit.framework in Frameworks */ = {isa = PBXBuildFile; fileRef = 5EC5A3531533D9CD00535BA2 /* SenTestingKit.framework */; };
		5EC5A3551533D9CD00535BA2 /* Cocoa.framework in Frameworks */ = {isa = PBXBuildFile; fileRef = 5EC5A3351533D9CD00535BA2 /* Cocoa.framework */; };
		5EC5A35D1533D9CD00535BA2 /* InfoPlist.strings in Resources */ = {isa = PBXBuildFile; fileRef = 5EC5A35B1533D9CD00535BA2 /* InfoPlist.strings */; };
		5EC5A3601533D9CD00535BA2 /* Movie_MakerTests.m in Sources */ = {isa = PBXBuildFile; fileRef = 5EC5A35F1533D9CD00535BA2 /* Movie_MakerTests.m */; };
/* End PBXBuildFile section */

/* Begin PBXContainerItemProxy section */
		5EC5A3561533D9CD00535BA2 /* PBXContainerItemProxy */ = {
			isa = PBXContainerItemProxy;
			containerPortal = 5EC5A3281533D9CD00535BA2 /* Project object */;
			proxyType = 1;
			remoteGlobalIDString = 5EC5A3301533D9CD00535BA2;
			remoteInfo = "Movie-Maker";
		};
/* End PBXContainerItemProxy section */

/* Begin PBXCopyFilesBuildPhase section */
		5E8EC6191538F65300591B3D /* CopyFiles */ = {
			isa = PBXCopyFilesBuildPhase;
			buildActionMask = 2147483647;
			dstPath = "";
			dstSubfolderSpec = 7;
			files = (
				5E8EC62A1538F8F800591B3D /* libassimp.dylib in CopyFiles */,
			);
			runOnlyForDeploymentPostprocessing = 0;
		};
/* End PBXCopyFilesBuildPhase section */

/* Begin PBXFileReference section */
		5E8EC5B81538DACA00591B3D /* drawInfo.h */ = {isa = PBXFileReference; fileEncoding = 4; lastKnownFileType = sourcecode.c.h; name = drawInfo.h; path = ../../../../../Downloads/CocoaGL/drawInfo.h; sourceTree = "<group>"; };
		5E8EC5B91538DACA00591B3D /* drawInfo.m */ = {isa = PBXFileReference; fileEncoding = 4; lastKnownFileType = sourcecode.c.objc; name = drawInfo.m; path = ../../../../../Downloads/CocoaGL/drawInfo.m; sourceTree = "<group>"; };
		5E8EC5BA1538DACA00591B3D /* trackball.h */ = {isa = PBXFileReference; fileEncoding = 4; lastKnownFileType = sourcecode.c.h; name = trackball.h; path = ../../../../../Downloads/CocoaGL/trackball.h; sourceTree = "<group>"; };
		5E8EC5BB1538DACA00591B3D /* trackball.c */ = {isa = PBXFileReference; fileEncoding = 4; lastKnownFileType = sourcecode.c.c; name = trackball.c; path = ../../../../../Downloads/CocoaGL/trackball.c; sourceTree = "<group>"; };
		5E8EC5BC1538DACA00591B3D /* GLString.m */ = {isa = PBXFileReference; fileEncoding = 4; lastKnownFileType = sourcecode.c.objc; name = GLString.m; path = ../../../../../Downloads/CocoaGL/GLString.m; sourceTree = "<group>"; };
		5E8EC5BD1538DACA00591B3D /* GLString.h */ = {isa = PBXFileReference; fileEncoding = 4; lastKnownFileType = sourcecode.c.h; name = GLString.h; path = ../../../../../Downloads/CocoaGL/GLString.h; sourceTree = "<group>"; };
		5E8EC5BE1538DACA00591B3D /* GLCheck.c */ = {isa = PBXFileReference; fileEncoding = 4; lastKnownFileType = sourcecode.c.c; name = GLCheck.c; path = ../../../../../Downloads/CocoaGL/GLCheck.c; sourceTree = "<group>"; };
		5E8EC5BF1538DACA00591B3D /* GLCheck.h */ = {isa = PBXFileReference; fileEncoding = 4; lastKnownFileType = sourcecode.c.h; name = GLCheck.h; path = ../../../../../Downloads/CocoaGL/GLCheck.h; sourceTree = "<group>"; };
		5E8EC5CD1538F31200591B3D /* Camera.cpp */ = {isa = PBXFileReference; fileEncoding = 4; lastKnownFileType = sourcecode.cpp.cpp; path = Camera.cpp; sourceTree = "<group>"; };
		5E8EC5CE1538F31200591B3D /* Camera.h */ = {isa = PBXFileReference; fileEncoding = 4; lastKnownFileType = sourcecode.c.h; path = Camera.h; sourceTree = "<group>"; };
		5E8EC5D01538F61400591B3D /* libassimp.dylib */ = {isa = PBXFileReference; lastKnownFileType = "compiled.mach-o.dylib"; path = libassimp.dylib; sourceTree = "<group>"; };
		5E8EC6BA1538FFE300591B3D /* assimp-license.txt */ = {isa = PBXFileReference; fileEncoding = 4; lastKnownFileType = text; path = "assimp-license.txt"; sourceTree = "<group>"; };
		5E8EC6BB1538FFE300591B3D /* sfml-audio.framework */ = {isa = PBXFileReference; lastKnownFileType = wrapper.framework; path = "sfml-audio.framework"; sourceTree = "<group>"; };
		5E8EC6BC1538FFE300591B3D /* sfml-graphics.framework */ = {isa = PBXFileReference; lastKnownFileType = wrapper.framework; path = "sfml-graphics.framework"; sourceTree = "<group>"; };
		5E8EC6BD1538FFE300591B3D /* sfml-license.txt */ = {isa = PBXFileReference; fileEncoding = 4; lastKnownFileType = text; path = "sfml-license.txt"; sourceTree = "<group>"; };
		5E8EC6BE1538FFE300591B3D /* sfml-network.framework */ = {isa = PBXFileReference; lastKnownFileType = wrapper.framework; path = "sfml-network.framework"; sourceTree = "<group>"; };
		5E8EC6BF1538FFE300591B3D /* sfml-system.framework */ = {isa = PBXFileReference; lastKnownFileType = wrapper.framework; path = "sfml-system.framework"; sourceTree = "<group>"; };
		5E8EC6C01538FFE300591B3D /* sfml-window.framework */ = {isa = PBXFileReference; lastKnownFileType = wrapper.framework; path = "sfml-window.framework"; sourceTree = "<group>"; };
		5E8EC6C11538FFE300591B3D /* SFML.framework */ = {isa = PBXFileReference; lastKnownFileType = wrapper.framework; path = SFML.framework; sourceTree = "<group>"; };
		5EB2D18E1537BE9600659380 /* GLView.h */ = {isa = PBXFileReference; fileEncoding = 4; lastKnownFileType = sourcecode.c.h; path = GLView.h; sourceTree = "<group>"; };
		5EB2D18F1537BE9600659380 /* GLView.m */ = {isa = PBXFileReference; fileEncoding = 4; lastKnownFileType = sourcecode.c.objc; path = GLView.m; sourceTree = "<group>"; };
		5EB2D1921537C67A00659380 /* OpenGL.framework */ = {isa = PBXFileReference; lastKnownFileType = wrapper.framework; name = OpenGL.framework; path = System/Library/Frameworks/OpenGL.framework; sourceTree = SDKROOT; };
		5EC5A3311533D9CD00535BA2 /* Movie-Maker.app */ = {isa = PBXFileReference; explicitFileType = wrapper.application; includeInIndex = 0; path = "Movie-Maker.app"; sourceTree = BUILT_PRODUCTS_DIR; };
		5EC5A3351533D9CD00535BA2 /* Cocoa.framework */ = {isa = PBXFileReference; lastKnownFileType = wrapper.framework; name = Cocoa.framework; path = System/Library/Frameworks/Cocoa.framework; sourceTree = SDKROOT; };
		5EC5A3381533D9CD00535BA2 /* AppKit.framework */ = {isa = PBXFileReference; lastKnownFileType = wrapper.framework; name = AppKit.framework; path = System/Library/Frameworks/AppKit.framework; sourceTree = SDKROOT; };
		5EC5A3391533D9CD00535BA2 /* CoreData.framework */ = {isa = PBXFileReference; lastKnownFileType = wrapper.framework; name = CoreData.framework; path = System/Library/Frameworks/CoreData.framework; sourceTree = SDKROOT; };
		5EC5A33A1533D9CD00535BA2 /* Foundation.framework */ = {isa = PBXFileReference; lastKnownFileType = wrapper.framework; name = Foundation.framework; path = System/Library/Frameworks/Foundation.framework; sourceTree = SDKROOT; };
		5EC5A33D1533D9CD00535BA2 /* Movie-Maker-Info.plist */ = {isa = PBXFileReference; lastKnownFileType = text.plist.xml; path = "Movie-Maker-Info.plist"; sourceTree = "<group>"; };
		5EC5A33F1533D9CD00535BA2 /* en */ = {isa = PBXFileReference; lastKnownFileType = text.plist.strings; name = en; path = en.lproj/InfoPlist.strings; sourceTree = "<group>"; };
		5EC5A3411533D9CD00535BA2 /* main.m */ = {isa = PBXFileReference; lastKnownFileType = sourcecode.c.objc; path = main.m; sourceTree = "<group>"; };
		5EC5A3431533D9CD00535BA2 /* Movie-Maker-Prefix.pch */ = {isa = PBXFileReference; lastKnownFileType = sourcecode.c.h; path = "Movie-Maker-Prefix.pch"; sourceTree = "<group>"; };
		5EC5A3451533D9CD00535BA2 /* en */ = {isa = PBXFileReference; lastKnownFileType = text.rtf; name = en; path = en.lproj/Credits.rtf; sourceTree = "<group>"; };
		5EC5A3471533D9CD00535BA2 /* AppDelegate.h */ = {isa = PBXFileReference; lastKnownFileType = sourcecode.c.h; path = AppDelegate.h; sourceTree = "<group>"; };
		5EC5A3481533D9CD00535BA2 /* AppDelegate.m */ = {isa = PBXFileReference; lastKnownFileType = sourcecode.c.objc; path = AppDelegate.m; sourceTree = "<group>"; };
		5EC5A34B1533D9CD00535BA2 /* en */ = {isa = PBXFileReference; lastKnownFileType = file.xib; name = en; path = en.lproj/MainMenu.xib; sourceTree = "<group>"; };
		5EC5A3521533D9CD00535BA2 /* Movie-MakerTests.octest */ = {isa = PBXFileReference; explicitFileType = wrapper.cfbundle; includeInIndex = 0; path = "Movie-MakerTests.octest"; sourceTree = BUILT_PRODUCTS_DIR; };
		5EC5A3531533D9CD00535BA2 /* SenTestingKit.framework */ = {isa = PBXFileReference; lastKnownFileType = wrapper.framework; name = SenTestingKit.framework; path = Library/Frameworks/SenTestingKit.framework; sourceTree = DEVELOPER_DIR; };
		5EC5A35A1533D9CD00535BA2 /* Movie-MakerTests-Info.plist */ = {isa = PBXFileReference; lastKnownFileType = text.plist.xml; path = "Movie-MakerTests-Info.plist"; sourceTree = "<group>"; };
		5EC5A35C1533D9CD00535BA2 /* en */ = {isa = PBXFileReference; lastKnownFileType = text.plist.strings; name = en; path = en.lproj/InfoPlist.strings; sourceTree = "<group>"; };
		5EC5A35E1533D9CD00535BA2 /* Movie_MakerTests.h */ = {isa = PBXFileReference; lastKnownFileType = sourcecode.c.h; path = Movie_MakerTests.h; sourceTree = "<group>"; };
		5EC5A35F1533D9CD00535BA2 /* Movie_MakerTests.m */ = {isa = PBXFileReference; lastKnownFileType = sourcecode.c.objc; path = Movie_MakerTests.m; sourceTree = "<group>"; };
/* End PBXFileReference section */

/* Begin PBXFrameworksBuildPhase section */
		5EC5A32E1533D9CD00535BA2 /* Frameworks */ = {
			isa = PBXFrameworksBuildPhase;
			buildActionMask = 2147483647;
			files = (
				5E8EC6291538F8F100591B3D /* libassimp.dylib in Frameworks */,
				5EB2D1931537C67A00659380 /* OpenGL.framework in Frameworks */,
				5EC5A3361533D9CD00535BA2 /* Cocoa.framework in Frameworks */,
			);
			runOnlyForDeploymentPostprocessing = 0;
		};
		5EC5A34E1533D9CD00535BA2 /* Frameworks */ = {
			isa = PBXFrameworksBuildPhase;
			buildActionMask = 2147483647;
			files = (
				5EC5A3541533D9CD00535BA2 /* SenTestingKit.framework in Frameworks */,
				5EC5A3551533D9CD00535BA2 /* Cocoa.framework in Frameworks */,
				5E8EC5D11538F61400591B3D /* libassimp.dylib in Frameworks */,
				5E8EC6C31538FFE300591B3D /* sfml-audio.framework in Frameworks */,
				5E8EC6C41538FFE300591B3D /* sfml-graphics.framework in Frameworks */,
				5E8EC6C61538FFE300591B3D /* sfml-network.framework in Frameworks */,
				5E8EC6C71538FFE300591B3D /* sfml-system.framework in Frameworks */,
				5E8EC6C81538FFE300591B3D /* sfml-window.framework in Frameworks */,
				5E8EC6C91538FFE300591B3D /* SFML.framework in Frameworks */,
			);
			runOnlyForDeploymentPostprocessing = 0;
		};
/* End PBXFrameworksBuildPhase section */

/* Begin PBXGroup section */
		5EC5A3261533D9CD00535BA2 = {
			isa = PBXGroup;
			children = (
				5EC5A33B1533D9CD00535BA2 /* Movie-Maker */,
				5EC5A3581533D9CD00535BA2 /* Movie-MakerTests */,
				5EC5A3341533D9CD00535BA2 /* Frameworks */,
				5EC5A3321533D9CD00535BA2 /* Products */,
			);
			sourceTree = "<group>";
		};
		5EC5A3321533D9CD00535BA2 /* Products */ = {
			isa = PBXGroup;
			children = (
				5EC5A3311533D9CD00535BA2 /* Movie-Maker.app */,
				5EC5A3521533D9CD00535BA2 /* Movie-MakerTests.octest */,
			);
			name = Products;
			sourceTree = "<group>";
		};
		5EC5A3341533D9CD00535BA2 /* Frameworks */ = {
			isa = PBXGroup;
			children = (
				5E8EC6BA1538FFE300591B3D /* assimp-license.txt */,
				5E8EC6BD1538FFE300591B3D /* sfml-license.txt */,
				5E8EC6BB1538FFE300591B3D /* sfml-audio.framework */,
				5E8EC6BC1538FFE300591B3D /* sfml-graphics.framework */,
				5E8EC6BE1538FFE300591B3D /* sfml-network.framework */,
				5E8EC6BF1538FFE300591B3D /* sfml-system.framework */,
				5E8EC6C01538FFE300591B3D /* sfml-window.framework */,
				5E8EC6C11538FFE300591B3D /* SFML.framework */,
				5E8EC5D01538F61400591B3D /* libassimp.dylib */,
				5EB2D1921537C67A00659380 /* OpenGL.framework */,
				5EC5A3351533D9CD00535BA2 /* Cocoa.framework */,
				5EC5A3531533D9CD00535BA2 /* SenTestingKit.framework */,
				5EC5A3371533D9CD00535BA2 /* Other Frameworks */,
			);
			name = Frameworks;
			sourceTree = "<group>";
		};
		5EC5A3371533D9CD00535BA2 /* Other Frameworks */ = {
			isa = PBXGroup;
			children = (
				5EC5A3381533D9CD00535BA2 /* AppKit.framework */,
				5EC5A3391533D9CD00535BA2 /* CoreData.framework */,
				5EC5A33A1533D9CD00535BA2 /* Foundation.framework */,
			);
			name = "Other Frameworks";
			sourceTree = "<group>";
		};
		5EC5A33B1533D9CD00535BA2 /* Movie-Maker */ = {
			isa = PBXGroup;
			children = (
				5EC5A3471533D9CD00535BA2 /* AppDelegate.h */,
				5EC5A3481533D9CD00535BA2 /* AppDelegate.m */,
				5E8EC5B81538DACA00591B3D /* drawInfo.h */,
				5E8EC5B91538DACA00591B3D /* drawInfo.m */,
				5E8EC5BA1538DACA00591B3D /* trackball.h */,
				5E8EC5BB1538DACA00591B3D /* trackball.c */,
				5E8EC5BC1538DACA00591B3D /* GLString.m */,
				5E8EC5BD1538DACA00591B3D /* GLString.h */,
				5E8EC5BE1538DACA00591B3D /* GLCheck.c */,
				5E8EC5BF1538DACA00591B3D /* GLCheck.h */,
				5E8EC5CE1538F31200591B3D /* Camera.h */,
				5E8EC5CD1538F31200591B3D /* Camera.cpp */,
				5EB2D18E1537BE9600659380 /* GLView.h */,
				5EB2D18F1537BE9600659380 /* GLView.m */,
				5EC5A34A1533D9CD00535BA2 /* MainMenu.xib */,
				5EC5A33C1533D9CD00535BA2 /* Supporting Files */,
			);
			path = "Movie-Maker";
			sourceTree = "<group>";
		};
		5EC5A33C1533D9CD00535BA2 /* Supporting Files */ = {
			isa = PBXGroup;
			children = (
				5EC5A33D1533D9CD00535BA2 /* Movie-Maker-Info.plist */,
				5EC5A33E1533D9CD00535BA2 /* InfoPlist.strings */,
				5EC5A3411533D9CD00535BA2 /* main.m */,
				5EC5A3431533D9CD00535BA2 /* Movie-Maker-Prefix.pch */,
				5EC5A3441533D9CD00535BA2 /* Credits.rtf */,
			);
			name = "Supporting Files";
			sourceTree = "<group>";
		};
		5EC5A3581533D9CD00535BA2 /* Movie-MakerTests */ = {
			isa = PBXGroup;
			children = (
				5EC5A35E1533D9CD00535BA2 /* Movie_MakerTests.h */,
				5EC5A35F1533D9CD00535BA2 /* Movie_MakerTests.m */,
				5EC5A3591533D9CD00535BA2 /* Supporting Files */,
			);
			path = "Movie-MakerTests";
			sourceTree = "<group>";
		};
		5EC5A3591533D9CD00535BA2 /* Supporting Files */ = {
			isa = PBXGroup;
			children = (
				5EC5A35A1533D9CD00535BA2 /* Movie-MakerTests-Info.plist */,
				5EC5A35B1533D9CD00535BA2 /* InfoPlist.strings */,
			);
			name = "Supporting Files";
			sourceTree = "<group>";
		};
/* End PBXGroup section */

/* Begin PBXNativeTarget section */
		5EC5A3301533D9CD00535BA2 /* Movie-Maker */ = {
			isa = PBXNativeTarget;
			buildConfigurationList = 5EC5A3631533D9CD00535BA2 /* Build configuration list for PBXNativeTarget "Movie-Maker" */;
			buildPhases = (
				5EC5A32D1533D9CD00535BA2 /* Sources */,
				5EC5A32E1533D9CD00535BA2 /* Frameworks */,
				5EC5A32F1533D9CD00535BA2 /* Resources */,
				5E8EC6191538F65300591B3D /* CopyFiles */,
			);
			buildRules = (
			);
			dependencies = (
			);
			name = "Movie-Maker";
			productName = "Movie-Maker";
			productReference = 5EC5A3311533D9CD00535BA2 /* Movie-Maker.app */;
			productType = "com.apple.product-type.application";
		};
		5EC5A3511533D9CD00535BA2 /* Movie-MakerTests */ = {
			isa = PBXNativeTarget;
			buildConfigurationList = 5EC5A3661533D9CD00535BA2 /* Build configuration list for PBXNativeTarget "Movie-MakerTests" */;
			buildPhases = (
				5EC5A34D1533D9CD00535BA2 /* Sources */,
				5EC5A34E1533D9CD00535BA2 /* Frameworks */,
				5EC5A34F1533D9CD00535BA2 /* Resources */,
				5EC5A3501533D9CD00535BA2 /* ShellScript */,
			);
			buildRules = (
			);
			dependencies = (
				5EC5A3571533D9CD00535BA2 /* PBXTargetDependency */,
			);
			name = "Movie-MakerTests";
			productName = "Movie-MakerTests";
			productReference = 5EC5A3521533D9CD00535BA2 /* Movie-MakerTests.octest */;
			productType = "com.apple.product-type.bundle";
		};
/* End PBXNativeTarget section */

/* Begin PBXProject section */
		5EC5A3281533D9CD00535BA2 /* Project object */ = {
			isa = PBXProject;
			attributes = {
				LastUpgradeCheck = 0430;
			};
			buildConfigurationList = 5EC5A32B1533D9CD00535BA2 /* Build configuration list for PBXProject "Movie-Maker" */;
			compatibilityVersion = "Xcode 3.2";
			developmentRegion = English;
			hasScannedForEncodings = 0;
			knownRegions = (
				en,
			);
			mainGroup = 5EC5A3261533D9CD00535BA2;
			productRefGroup = 5EC5A3321533D9CD00535BA2 /* Products */;
			projectDirPath = "";
			projectRoot = "";
			targets = (
				5EC5A3301533D9CD00535BA2 /* Movie-Maker */,
				5EC5A3511533D9CD00535BA2 /* Movie-MakerTests */,
			);
		};
/* End PBXProject section */

/* Begin PBXResourcesBuildPhase section */
		5EC5A32F1533D9CD00535BA2 /* Resources */ = {
			isa = PBXResourcesBuildPhase;
			buildActionMask = 2147483647;
			files = (
				5EC5A3401533D9CD00535BA2 /* InfoPlist.strings in Resources */,
				5EC5A3461533D9CD00535BA2 /* Credits.rtf in Resources */,
				5EC5A34C1533D9CD00535BA2 /* MainMenu.xib in Resources */,
			);
			runOnlyForDeploymentPostprocessing = 0;
		};
		5EC5A34F1533D9CD00535BA2 /* Resources */ = {
			isa = PBXResourcesBuildPhase;
			buildActionMask = 2147483647;
			files = (
				5EC5A35D1533D9CD00535BA2 /* InfoPlist.strings in Resources */,
				5E8EC6C21538FFE300591B3D /* assimp-license.txt in Resources */,
				5E8EC6C51538FFE300591B3D /* sfml-license.txt in Resources */,
			);
			runOnlyForDeploymentPostprocessing = 0;
		};
/* End PBXResourcesBuildPhase section */

/* Begin PBXShellScriptBuildPhase section */
		5EC5A3501533D9CD00535BA2 /* ShellScript */ = {
			isa = PBXShellScriptBuildPhase;
			buildActionMask = 2147483647;
			files = (
			);
			inputPaths = (
			);
			outputPaths = (
			);
			runOnlyForDeploymentPostprocessing = 0;
			shellPath = /bin/sh;
			shellScript = "# Run the unit tests in this test bundle.\n\"${SYSTEM_DEVELOPER_DIR}/Tools/RunUnitTests\"\n";
		};
/* End PBXShellScriptBuildPhase section */

/* Begin PBXSourcesBuildPhase section */
		5EC5A32D1533D9CD00535BA2 /* Sources */ = {
			isa = PBXSourcesBuildPhase;
			buildActionMask = 2147483647;
			files = (
				5E8EC6281538F8BD00591B3D /* Camera.cpp in Sources */,
				5E8EC5C61538DAFA00591B3D /* drawInfo.m in Sources */,
				5E8EC5C81538DAFA00591B3D /* trackball.c in Sources */,
				5E8EC5C91538DAFA00591B3D /* GLString.m in Sources */,
				5E8EC5CB1538DAFA00591B3D /* GLCheck.c in Sources */,
				5EC5A3421533D9CD00535BA2 /* main.m in Sources */,
				5EC5A3491533D9CD00535BA2 /* AppDelegate.m in Sources */,
				5EB2D1901537BE9600659380 /* GLView.m in Sources */,
			);
			runOnlyForDeploymentPostprocessing = 0;
		};
		5EC5A34D1533D9CD00535BA2 /* Sources */ = {
			isa = PBXSourcesBuildPhase;
			buildActionMask = 2147483647;
			files = (
				5EC5A3601533D9CD00535BA2 /* Movie_MakerTests.m in Sources */,
				5E8EC5C01538DACA00591B3D /* drawInfo.m in Sources */,
				5E8EC5C11538DACA00591B3D /* trackball.c in Sources */,
				5E8EC5C21538DACA00591B3D /* GLString.m in Sources */,
				5E8EC5C31538DACA00591B3D /* GLCheck.c in Sources */,
				5E8EC5CF1538F31200591B3D /* Camera.cpp in Sources */,
			);
			runOnlyForDeploymentPostprocessing = 0;
		};
/* End PBXSourcesBuildPhase section */

/* Begin PBXTargetDependency section */
		5EC5A3571533D9CD00535BA2 /* PBXTargetDependency */ = {
			isa = PBXTargetDependency;
			target = 5EC5A3301533D9CD00535BA2 /* Movie-Maker */;
			targetProxy = 5EC5A3561533D9CD00535BA2 /* PBXContainerItemProxy */;
		};
/* End PBXTargetDependency section */

/* Begin PBXVariantGroup section */
		5EC5A33E1533D9CD00535BA2 /* InfoPlist.strings */ = {
			isa = PBXVariantGroup;
			children = (
				5EC5A33F1533D9CD00535BA2 /* en */,
			);
			name = InfoPlist.strings;
			sourceTree = "<group>";
		};
		5EC5A3441533D9CD00535BA2 /* Credits.rtf */ = {
			isa = PBXVariantGroup;
			children = (
				5EC5A3451533D9CD00535BA2 /* en */,
			);
			name = Credits.rtf;
			sourceTree = "<group>";
		};
		5EC5A34A1533D9CD00535BA2 /* MainMenu.xib */ = {
			isa = PBXVariantGroup;
			children = (
				5EC5A34B1533D9CD00535BA2 /* en */,
			);
			name = MainMenu.xib;
			sourceTree = "<group>";
		};
		5EC5A35B1533D9CD00535BA2 /* InfoPlist.strings */ = {
			isa = PBXVariantGroup;
			children = (
				5EC5A35C1533D9CD00535BA2 /* en */,
			);
			name = InfoPlist.strings;
			sourceTree = "<group>";
		};
/* End PBXVariantGroup section */

/* Begin XCBuildConfiguration section */
		5EC5A3611533D9CD00535BA2 /* Debug */ = {
			isa = XCBuildConfiguration;
			buildSettings = {
				ALWAYS_SEARCH_USER_PATHS = NO;
				ARCHS = "$(ARCHS_STANDARD_64_BIT)";
				CLANG_ENABLE_OBJC_ARC = NO;
				COPY_PHASE_STRIP = NO;
				GCC_C_LANGUAGE_STANDARD = gnu99;
				GCC_DYNAMIC_NO_PIC = NO;
				GCC_ENABLE_OBJC_EXCEPTIONS = YES;
				GCC_OPTIMIZATION_LEVEL = 0;
				GCC_PREPROCESSOR_DEFINITIONS = (
					"DEBUG=1",
					"$(inherited)",
				);
				GCC_SYMBOLS_PRIVATE_EXTERN = NO;
				GCC_VERSION = com.apple.compilers.llvm.clang.1_0;
				GCC_WARN_64_TO_32_BIT_CONVERSION = YES;
				GCC_WARN_ABOUT_RETURN_TYPE = YES;
				GCC_WARN_UNINITIALIZED_AUTOS = YES;
				GCC_WARN_UNUSED_VARIABLE = YES;
				MACOSX_DEPLOYMENT_TARGET = 10.7;
				ONLY_ACTIVE_ARCH = YES;
				SDKROOT = macosx;
			};
			name = Debug;
		};
		5EC5A3621533D9CD00535BA2 /* Release */ = {
			isa = XCBuildConfiguration;
			buildSettings = {
				ALWAYS_SEARCH_USER_PATHS = NO;
				ARCHS = "$(ARCHS_STANDARD_64_BIT)";
				CLANG_ENABLE_OBJC_ARC = NO;
				COPY_PHASE_STRIP = YES;
				DEBUG_INFORMATION_FORMAT = "dwarf-with-dsym";
				GCC_C_LANGUAGE_STANDARD = gnu99;
				GCC_ENABLE_OBJC_EXCEPTIONS = YES;
				GCC_VERSION = com.apple.compilers.llvm.clang.1_0;
				GCC_WARN_64_TO_32_BIT_CONVERSION = YES;
				GCC_WARN_ABOUT_RETURN_TYPE = YES;
				GCC_WARN_UNINITIALIZED_AUTOS = YES;
				GCC_WARN_UNUSED_VARIABLE = YES;
				MACOSX_DEPLOYMENT_TARGET = 10.7;
				SDKROOT = macosx;
			};
			name = Release;
		};
		5EC5A3641533D9CD00535BA2 /* Debug */ = {
			isa = XCBuildConfiguration;
			buildSettings = {
				FRAMEWORK_SEARCH_PATHS = "\"$(SRCROOT)\"";
				GCC_PRECOMPILE_PREFIX_HEADER = YES;
				GCC_PREFIX_HEADER = "Movie-Maker/Movie-Maker-Prefix.pch";
				GCC_VERSION = com.apple.compilers.llvm.clang.1_0;
				HEADER_SEARCH_PATHS = "\"$(SRCROOT)/include\"";
				INFOPLIST_FILE = "Movie-Maker/Movie-Maker-Info.plist";
				LIBRARY_SEARCH_PATHS = (
					"$(inherited)",
					"\"$(SRCROOT)\"",
					"\"$(SRCROOT)/lib\"",
				);
				PRODUCT_NAME = "$(TARGET_NAME)";
				WRAPPER_EXTENSION = app;
			};
			name = Debug;
		};
		5EC5A3651533D9CD00535BA2 /* Release */ = {
			isa = XCBuildConfiguration;
			buildSettings = {
				FRAMEWORK_SEARCH_PATHS = "\"$(SRCROOT)\"";
				GCC_PRECOMPILE_PREFIX_HEADER = YES;
				GCC_PREFIX_HEADER = "Movie-Maker/Movie-Maker-Prefix.pch";
				GCC_VERSION = com.apple.compilers.llvm.clang.1_0;
				HEADER_SEARCH_PATHS = "\"$(SRCROOT)/include\"";
				INFOPLIST_FILE = "Movie-Maker/Movie-Maker-Info.plist";
				LIBRARY_SEARCH_PATHS = (
					"$(inherited)",
					"\"$(SRCROOT)\"",
					"\"$(SRCROOT)/lib\"",
				);
				PRODUCT_NAME = "$(TARGET_NAME)";
				WRAPPER_EXTENSION = app;
			};
			name = Release;
		};
		5EC5A3671533D9CD00535BA2 /* Debug */ = {
			isa = XCBuildConfiguration;
			buildSettings = {
				BUNDLE_LOADER = "$(BUILT_PRODUCTS_DIR)/Movie-Maker.app/Contents/MacOS/Movie-Maker";
				FRAMEWORK_SEARCH_PATHS = (
					"$(DEVELOPER_LIBRARY_DIR)/Frameworks",
					"\"$(SRCROOT)\"",
				);
				GCC_PRECOMPILE_PREFIX_HEADER = YES;
				GCC_PREFIX_HEADER = "Movie-Maker/Movie-Maker-Prefix.pch";
				INFOPLIST_FILE = "Movie-MakerTests/Movie-MakerTests-Info.plist";
				LIBRARY_SEARCH_PATHS = (
					"$(inherited)",
					"\"$(SRCROOT)\"",
					"\"$(SRCROOT)/lib\"",
				);
				PRODUCT_NAME = "$(TARGET_NAME)";
				TEST_HOST = "$(BUNDLE_LOADER)";
				WRAPPER_EXTENSION = octest;
			};
			name = Debug;
		};
		5EC5A3681533D9CD00535BA2 /* Release */ = {
			isa = XCBuildConfiguration;
			buildSettings = {
				BUNDLE_LOADER = "$(BUILT_PRODUCTS_DIR)/Movie-Maker.app/Contents/MacOS/Movie-Maker";
				FRAMEWORK_SEARCH_PATHS = (
					"$(DEVELOPER_LIBRARY_DIR)/Frameworks",
					"\"$(SRCROOT)\"",
				);
				GCC_PRECOMPILE_PREFIX_HEADER = YES;
				GCC_PREFIX_HEADER = "Movie-Maker/Movie-Maker-Prefix.pch";
				INFOPLIST_FILE = "Movie-MakerTests/Movie-MakerTests-Info.plist";
				LIBRARY_SEARCH_PATHS = (
					"$(inherited)",
					"\"$(SRCROOT)\"",
					"\"$(SRCROOT)/lib\"",
				);
				PRODUCT_NAME = "$(TARGET_NAME)";
				TEST_HOST = "$(BUNDLE_LOADER)";
				WRAPPER_EXTENSION = octest;
			};
			name = Release;
		};
/* End XCBuildConfiguration section */

/* Begin XCConfigurationList section */
		5EC5A32B1533D9CD00535BA2 /* Build configuration list for PBXProject "Movie-Maker" */ = {
			isa = XCConfigurationList;
			buildConfigurations = (
				5EC5A3611533D9CD00535BA2 /* Debug */,
				5EC5A3621533D9CD00535BA2 /* Release */,
			);
			defaultConfigurationIsVisible = 0;
			defaultConfigurationName = Release;
		};
		5EC5A3631533D9CD00535BA2 /* Build configuration list for PBXNativeTarget "Movie-Maker" */ = {
			isa = XCConfigurationList;
			buildConfigurations = (
				5EC5A3641533D9CD00535BA2 /* Debug */,
				5EC5A3651533D9CD00535BA2 /* Release */,
			);
			defaultConfigurationIsVisible = 0;
			defaultConfigurationName = Release;
		};
		5EC5A3661533D9CD00535BA2 /* Build configuration list for PBXNativeTarget "Movie-MakerTests" */ = {
			isa = XCConfigurationList;
			buildConfigurations = (
				5EC5A3671533D9CD00535BA2 /* Debug */,
				5EC5A3681533D9CD00535BA2 /* Release */,
			);
			defaultConfigurationIsVisible = 0;
			defaultConfigurationName = Release;
		};
/* End XCConfigurationList section */
	};
	rootObject = 5EC5A3281533D9CD00535BA2 /* Project object */;
}
